
Microsoft Visual Studio Solution File, Format Version 12.00
# Visual Studio Version 17
VisualStudioVersion = 17.8.34525.116
MinimumVisualStudioVersion = 10.0.40219.1
Project("{FAE04EC0-301F-11D3-BF4B-00C04F79EFBC}") = "ETLApp", "ETLApp\ETLApp.csproj", "{D491D446-BAC6-4F75-B3B2-98179E55EF79}"
EndProject
Global
	GlobalSection(SolutionConfigurationPlatforms) = preSolution
		Debug|Any CPU = Debug|Any CPU
		Release|Any CPU = Release|Any CPU
	EndGlobalSection
	GlobalSection(ProjectConfigurationPlatforms) = postSolution
		{D491D446-BAC6-4F75-B3B2-98179E55EF79}.Debug|Any CPU.ActiveCfg = Debug|Any CPU
		{D491D446-BAC6-4F75-B3B2-98179E55EF79}.Debug|Any CPU.Build.0 = Debug|Any CPU
		{D491D446-BAC6-4F75-B3B2-98179E55EF79}.Release|Any CPU.ActiveCfg = Release|Any CPU
		{D491D446-BAC6-4F75-B3B2-98179E55EF79}.Release|Any CPU.Build.0 = Release|Any CPU
	EndGlobalSection
	GlobalSection(SolutionProperties) = preSolution
		HideSolutionNode = FALSE
	EndGlobalSection
	GlobalSection(ExtensibilityGlobals) = postSolution
		SolutionGuid = {C6D267DF-5FB6-4468-942E-A2551F3D8D12}
	EndGlobalSection
EndGlobal
